{
  "name": "emuto-repl",
  "version": "0.0.0",
  "lockfileVersion": 1,
  "requires": true,
  "dependencies": {
    "@aureooms/js-collections-deque": {
      "version": "3.1.0",
      "resolved": "https://registry.npmjs.org/@aureooms/js-collections-deque/-/js-collections-deque-3.1.0.tgz",
      "integrity": "sha1-LfDyiIPxNnyXkjLYw5ZK7ek9Le0=",
      "dev": true,
      "requires": {
        "@aureooms/js-error": "^3.0.0"
      }
    },
    "@aureooms/js-error": {
      "version": "3.0.0",
      "resolved": "https://registry.npmjs.org/@aureooms/js-error/-/js-error-3.0.0.tgz",
      "integrity": "sha1-wGpFVWnEyybDeSq5yfB12nB4I94=",
      "dev": true
    },
    "@aureooms/js-itertools": {
      "version": "3.4.0",
      "resolved": "https://registry.npmjs.org/@aureooms/js-itertools/-/js-itertools-3.4.0.tgz",
      "integrity": "sha512-lVOnOr1Fo+fdaT20wBEz2q+KOQ145yFB0WNbqY6FkeB2xQrW+Xi9bzwG1kQ9fP5eOQnhyXvBdpYK90AkkZufmA==",
      "dev": true,
      "requires": {
        "@aureooms/js-collections-deque": "^3.1.0"
      }
    },
    "emuto": {
      "version": "1.23.0",
      "resolved": "https://registry.npmjs.org/emuto/-/emuto-1.23.0.tgz",
      "integrity": "sha512-FB57tImLqrmRdQkXOVuranZFJRfkWe0bYquG4tPRZkSZj1ob/ATe/DUNsCcEji32MdPHGzX01Cer6JFS9XbnnQ==",
      "dev": true,
      "requires": {
        "@aureooms/js-itertools": "^3.4.0",
        "flow": "^0.2.3",
        "parsimmon": "^1.12.0"
      }
    },
    "flow": {
      "version": "0.2.3",
      "resolved": "https://registry.npmjs.org/flow/-/flow-0.2.3.tgz",
      "integrity": "sha1-+Npl76JJEn7Jk3aiiJZXKpeV0a8=",
      "dev": true
    },
    "parsimmon": {
      "version": "1.12.0",
      "resolved": "https://registry.npmjs.org/parsimmon/-/parsimmon-1.12.0.tgz",
      "integrity": "sha512-uC/BjuSfb4jfaWajKCp1mVncXXq+V1twbcYChbTxN3GM7fn+8XoHwUdvUz+PTaFtDSCRQxU8+Rnh+iMhAkVwdw==",
      "dev": true
    },
    "stdrepl": {
      "version": "1.0.1"
    }
  }
}
